// !$*UTF8*$!
{
	archiveVersion = 1;
	classes = {
	};
	objectVersion = 46;
	objects = {

/* Begin PBXBuildFile section */
		0027329E20EB526F0056EA0A /* YKTableViewBaseAdapter.m in Sources */ = {isa = PBXBuildFile; fileRef = 0027329C20EB526F0056EA0A /* YKTableViewBaseAdapter.m */; };
		002732C220EB54150056EA0A /* YKBirthdayAdapter.m in Sources */ = {isa = PBXBuildFile; fileRef = 002732B920EB54150056EA0A /* YKBirthdayAdapter.m */; };
		002732C420EB54150056EA0A /* YKDetailViewController.xib in Resources */ = {isa = PBXBuildFile; fileRef = 002732BF20EB54150056EA0A /* YKDetailViewController.xib */; };
		002732C520EB54150056EA0A /* YKDetailViewController.m in Sources */ = {isa = PBXBuildFile; fileRef = 002732C020EB54150056EA0A /* YKDetailViewController.m */; };
		002732C820EB54480056EA0A /* YKHomeModel.m in Sources */ = {isa = PBXBuildFile; fileRef = 002732C720EB54480056EA0A /* YKHomeModel.m */; };
		002732CD20EB5A080056EA0A /* YKHomeViewController.m in Sources */ = {isa = PBXBuildFile; fileRef = 002732CB20EB5A080056EA0A /* YKHomeViewController.m */; };
		002732CE20EB5A080056EA0A /* YKHomeViewController.xib in Resources */ = {isa = PBXBuildFile; fileRef = 002732CC20EB5A080056EA0A /* YKHomeViewController.xib */; };
		0062B30920C78851001AC769 /* Assets.xcassets in Resources */ = {isa = PBXBuildFile; fileRef = 0062B30820C78851001AC769 /* Assets.xcassets */; };
		008B2DA82069F046004F81F0 /* bg_iPhoneX.jpg in Resources */ = {isa = PBXBuildFile; fileRef = 008B2DA72069F046004F81F0 /* bg_iPhoneX.jpg */; };
		008B2DAA2069F052004F81F0 /* bg_normal.jpg in Resources */ = {isa = PBXBuildFile; fileRef = 008B2DA92069F052004F81F0 /* bg_normal.jpg */; };
		008B2DC4206A4F12004F81F0 /* YKBirthdayViewController.m in Sources */ = {isa = PBXBuildFile; fileRef = 008B2DB2206A4F12004F81F0 /* YKBirthdayViewController.m */; };
		008B2DC5206A4F12004F81F0 /* YKBirthdayViewController.xib in Resources */ = {isa = PBXBuildFile; fileRef = 008B2DB3206A4F12004F81F0 /* YKBirthdayViewController.xib */; };
		008B2DC6206A4F12004F81F0 /* YKBirthdayModel.m in Sources */ = {isa = PBXBuildFile; fileRef = 008B2DB7206A4F12004F81F0 /* YKBirthdayModel.m */; };
		008B2DC7206A4F12004F81F0 /* YKBirthdayEnvelopeMgr.m in Sources */ = {isa = PBXBuildFile; fileRef = 008B2DB9206A4F12004F81F0 /* YKBirthdayEnvelopeMgr.m */; };
		008B2DC8206A4F12004F81F0 /* YKBirthdayFriendsItem.m in Sources */ = {isa = PBXBuildFile; fileRef = 008B2DBA206A4F12004F81F0 /* YKBirthdayFriendsItem.m */; };
		008B2DC9206A4F12004F81F0 /* YKBirthdayUserFriendsCollectionViewCell.xib in Resources */ = {isa = PBXBuildFile; fileRef = 008B2DBD206A4F12004F81F0 /* YKBirthdayUserFriendsCollectionViewCell.xib */; };
		008B2DCA206A4F12004F81F0 /* YKBirthdayUserDescView.m in Sources */ = {isa = PBXBuildFile; fileRef = 008B2DBE206A4F12004F81F0 /* YKBirthdayUserDescView.m */; };
		008B2DCB206A4F12004F81F0 /* YKBirthdayUserFriendsCollectionViewCell.m in Sources */ = {isa = PBXBuildFile; fileRef = 008B2DBF206A4F12004F81F0 /* YKBirthdayUserFriendsCollectionViewCell.m */; };
		008B2DCC206A4F12004F81F0 /* YKBirthdayEnvelopeView.m in Sources */ = {isa = PBXBuildFile; fileRef = 008B2DC3206A4F12004F81F0 /* YKBirthdayEnvelopeView.m */; };
		008B2DCF206A51F6004F81F0 /* UIImage+Rotate.m in Sources */ = {isa = PBXBuildFile; fileRef = 008B2DCE206A51F6004F81F0 /* UIImage+Rotate.m */; };
		008B2DD2206A53AA004F81F0 /* YKDevice.m in Sources */ = {isa = PBXBuildFile; fileRef = 008B2DD1206A53AA004F81F0 /* YKDevice.m */; };
		7152F8591DF6A96C003F79E2 /* main.m in Sources */ = {isa = PBXBuildFile; fileRef = 7152F8581DF6A96C003F79E2 /* main.m */; };
		7152F85C1DF6A96C003F79E2 /* AppDelegate.m in Sources */ = {isa = PBXBuildFile; fileRef = 7152F85B1DF6A96C003F79E2 /* AppDelegate.m */; };
		7152F8621DF6A96C003F79E2 /* Main.storyboard in Resources */ = {isa = PBXBuildFile; fileRef = 7152F8601DF6A96C003F79E2 /* Main.storyboard */; };
		7152F8671DF6A96C003F79E2 /* LaunchScreen.storyboard in Resources */ = {isa = PBXBuildFile; fileRef = 7152F8651DF6A96C003F79E2 /* LaunchScreen.storyboard */; };
		7152F8721DF6A96C003F79E2 /* YKBirthdayViewDemoTests.m in Sources */ = {isa = PBXBuildFile; fileRef = 7152F8711DF6A96C003F79E2 /* YKBirthdayViewDemoTests.m */; };
		7152F87D1DF6A96C003F79E2 /* YKBirthdayViewDemoUITests.m in Sources */ = {isa = PBXBuildFile; fileRef = 7152F87C1DF6A96C003F79E2 /* YKBirthdayViewDemoUITests.m */; };
		7152F8971DF6A9A3003F79E2 /* YKBirthdayItem.m in Sources */ = {isa = PBXBuildFile; fileRef = 7152F88D1DF6A9A3003F79E2 /* YKBirthdayItem.m */; };
		7152F8981DF6A9A3003F79E2 /* YKBirthdayMgr.m in Sources */ = {isa = PBXBuildFile; fileRef = 7152F88F1DF6A9A3003F79E2 /* YKBirthdayMgr.m */; };
		7152F8991DF6A9A3003F79E2 /* YKBirthdayView.m in Sources */ = {isa = PBXBuildFile; fileRef = 7152F8921DF6A9A3003F79E2 /* YKBirthdayView.m */; };
		7152F89A1DF6A9A3003F79E2 /* YKHappyBirthdayViewController.m in Sources */ = {isa = PBXBuildFile; fileRef = 7152F8951DF6A9A3003F79E2 /* YKHappyBirthdayViewController.m */; };
		7152F89B1DF6A9A3003F79E2 /* YKHappyBirthdayViewController.xib in Resources */ = {isa = PBXBuildFile; fileRef = 7152F8961DF6A9A3003F79E2 /* YKHappyBirthdayViewController.xib */; };
		7152F89E1DF6AB7C003F79E2 /* YKAudioPlayerMgr.m in Sources */ = {isa = PBXBuildFile; fileRef = 7152F89D1DF6AB7C003F79E2 /* YKAudioPlayerMgr.m */; };
		7194F5771FA2CB57001B4ADF /* UIColor+YKColor.m in Sources */ = {isa = PBXBuildFile; fileRef = 7194F5761FA2CB57001B4ADF /* UIColor+YKColor.m */; };
		7194F57D1FA2CD41001B4ADF /* birthday.mp3 in Resources */ = {isa = PBXBuildFile; fileRef = 7194F57C1FA2CD41001B4ADF /* birthday.mp3 */; };
/* End PBXBuildFile section */

/* Begin PBXContainerItemProxy section */
		7152F86E1DF6A96C003F79E2 /* PBXContainerItemProxy */ = {
			isa = PBXContainerItemProxy;
			containerPortal = 7152F84C1DF6A96C003F79E2 /* Project object */;
			proxyType = 1;
			remoteGlobalIDString = 7152F8531DF6A96C003F79E2;
			remoteInfo = YKBirthdayViewDemo;
		};
		7152F8791DF6A96C003F79E2 /* PBXContainerItemProxy */ = {
			isa = PBXContainerItemProxy;
			containerPortal = 7152F84C1DF6A96C003F79E2 /* Project object */;
			proxyType = 1;
			remoteGlobalIDString = 7152F8531DF6A96C003F79E2;
			remoteInfo = YKBirthdayViewDemo;
		};
/* End PBXContainerItemProxy section */

/* Begin PBXFileReference section */
		0027329C20EB526F0056EA0A /* YKTableViewBaseAdapter.m */ = {isa = PBXFileReference; fileEncoding = 4; lastKnownFileType = sourcecode.c.objc; path = YKTableViewBaseAdapter.m; sourceTree = "<group>"; };
		0027329D20EB526F0056EA0A /* YKTableViewBaseAdapter.h */ = {isa = PBXFileReference; fileEncoding = 4; lastKnownFileType = sourcecode.c.h; path = YKTableViewBaseAdapter.h; sourceTree = "<group>"; };
		002732B920EB54150056EA0A /* YKBirthdayAdapter.m */ = {isa = PBXFileReference; fileEncoding = 4; lastKnownFileType = sourcecode.c.objc; path = YKBirthdayAdapter.m; sourceTree = "<group>"; };
		002732BA20EB54150056EA0A /* YKBirthdayAdapter.h */ = {isa = PBXFileReference; fileEncoding = 4; lastKnownFileType = sourcecode.c.h; path = YKBirthdayAdapter.h; sourceTree = "<group>"; };
		002732BD20EB54150056EA0A /* YKDetailViewController.h */ = {isa = PBXFileReference; fileEncoding = 4; lastKnownFileType = sourcecode.c.h; path = YKDetailViewController.h; sourceTree = "<group>"; };
		002732BF20EB54150056EA0A /* YKDetailViewController.xib */ = {isa = PBXFileReference; fileEncoding = 4; lastKnownFileType = file.xib; path = YKDetailViewController.xib; sourceTree = "<group>"; };
		002732C020EB54150056EA0A /* YKDetailViewController.m */ = {isa = PBXFileReference; fileEncoding = 4; lastKnownFileType = sourcecode.c.objc; path = YKDetailViewController.m; sourceTree = "<group>"; };
		002732C620EB54480056EA0A /* YKHomeModel.h */ = {isa = PBXFileReference; lastKnownFileType = sourcecode.c.h; path = YKHomeModel.h; sourceTree = "<group>"; };
		002732C720EB54480056EA0A /* YKHomeModel.m */ = {isa = PBXFileReference; lastKnownFileType = sourcecode.c.objc; path = YKHomeModel.m; sourceTree = "<group>"; };
		002732C920EB549B0056EA0A /* YKBaseDefined.h */ = {isa = PBXFileReference; lastKnownFileType = sourcecode.c.h; path = YKBaseDefined.h; sourceTree = "<group>"; };
		002732CA20EB5A080056EA0A /* YKHomeViewController.h */ = {isa = PBXFileReference; lastKnownFileType = sourcecode.c.h; path = YKHomeViewController.h; sourceTree = "<group>"; };
		002732CB20EB5A080056EA0A /* YKHomeViewController.m */ = {isa = PBXFileReference; lastKnownFileType = sourcecode.c.objc; path = YKHomeViewController.m; sourceTree = "<group>"; };
		002732CC20EB5A080056EA0A /* YKHomeViewController.xib */ = {isa = PBXFileReference; lastKnownFileType = file.xib; path = YKHomeViewController.xib; sourceTree = "<group>"; };
		0062B30820C78851001AC769 /* Assets.xcassets */ = {isa = PBXFileReference; lastKnownFileType = folder.assetcatalog; path = Assets.xcassets; sourceTree = "<group>"; };
		008B2DA72069F046004F81F0 /* bg_iPhoneX.jpg */ = {isa = PBXFileReference; lastKnownFileType = image.jpeg; path = bg_iPhoneX.jpg; sourceTree = "<group>"; };
		008B2DA92069F052004F81F0 /* bg_normal.jpg */ = {isa = PBXFileReference; lastKnownFileType = image.jpeg; path = bg_normal.jpg; sourceTree = "<group>"; };
		008B2DB2206A4F12004F81F0 /* YKBirthdayViewController.m */ = {isa = PBXFileReference; fileEncoding = 4; lastKnownFileType = sourcecode.c.objc; path = YKBirthdayViewController.m; sourceTree = "<group>"; };
		008B2DB3206A4F12004F81F0 /* YKBirthdayViewController.xib */ = {isa = PBXFileReference; fileEncoding = 4; lastKnownFileType = file.xib; path = YKBirthdayViewController.xib; sourceTree = "<group>"; };
		008B2DB4206A4F12004F81F0 /* YKBirthdayViewController.h */ = {isa = PBXFileReference; fileEncoding = 4; lastKnownFileType = sourcecode.c.h; path = YKBirthdayViewController.h; sourceTree = "<group>"; };
		008B2DB6206A4F12004F81F0 /* YKBirthdayEnvelopeMgr.h */ = {isa = PBXFileReference; fileEncoding = 4; lastKnownFileType = sourcecode.c.h; path = YKBirthdayEnvelopeMgr.h; sourceTree = "<group>"; };
		008B2DB7206A4F12004F81F0 /* YKBirthdayModel.m */ = {isa = PBXFileReference; fileEncoding = 4; lastKnownFileType = sourcecode.c.objc; path = YKBirthdayModel.m; sourceTree = "<group>"; };
		008B2DB8206A4F12004F81F0 /* YKBirthdayFriendsItem.h */ = {isa = PBXFileReference; fileEncoding = 4; lastKnownFileType = sourcecode.c.h; path = YKBirthdayFriendsItem.h; sourceTree = "<group>"; };
		008B2DB9206A4F12004F81F0 /* YKBirthdayEnvelopeMgr.m */ = {isa = PBXFileReference; fileEncoding = 4; lastKnownFileType = sourcecode.c.objc; path = YKBirthdayEnvelopeMgr.m; sourceTree = "<group>"; };
		008B2DBA206A4F12004F81F0 /* YKBirthdayFriendsItem.m */ = {isa = PBXFileReference; fileEncoding = 4; lastKnownFileType = sourcecode.c.objc; path = YKBirthdayFriendsItem.m; sourceTree = "<group>"; };
		008B2DBB206A4F12004F81F0 /* YKBirthdayModel.h */ = {isa = PBXFileReference; fileEncoding = 4; lastKnownFileType = sourcecode.c.h; path = YKBirthdayModel.h; sourceTree = "<group>"; };
		008B2DBD206A4F12004F81F0 /* YKBirthdayUserFriendsCollectionViewCell.xib */ = {isa = PBXFileReference; fileEncoding = 4; lastKnownFileType = file.xib; path = YKBirthdayUserFriendsCollectionViewCell.xib; sourceTree = "<group>"; };
		008B2DBE206A4F12004F81F0 /* YKBirthdayUserDescView.m */ = {isa = PBXFileReference; fileEncoding = 4; lastKnownFileType = sourcecode.c.objc; path = YKBirthdayUserDescView.m; sourceTree = "<group>"; };
		008B2DBF206A4F12004F81F0 /* YKBirthdayUserFriendsCollectionViewCell.m */ = {isa = PBXFileReference; fileEncoding = 4; lastKnownFileType = sourcecode.c.objc; path = YKBirthdayUserFriendsCollectionViewCell.m; sourceTree = "<group>"; };
		008B2DC0206A4F12004F81F0 /* YKBirthdayEnvelopeView.h */ = {isa = PBXFileReference; fileEncoding = 4; lastKnownFileType = sourcecode.c.h; path = YKBirthdayEnvelopeView.h; sourceTree = "<group>"; };
		008B2DC1206A4F12004F81F0 /* YKBirthdayUserFriendsCollectionViewCell.h */ = {isa = PBXFileReference; fileEncoding = 4; lastKnownFileType = sourcecode.c.h; path = YKBirthdayUserFriendsCollectionViewCell.h; sourceTree = "<group>"; };
		008B2DC2206A4F12004F81F0 /* YKBirthdayUserDescView.h */ = {isa = PBXFileReference; fileEncoding = 4; lastKnownFileType = sourcecode.c.h; path = YKBirthdayUserDescView.h; sourceTree = "<group>"; };
		008B2DC3206A4F12004F81F0 /* YKBirthdayEnvelopeView.m */ = {isa = PBXFileReference; fileEncoding = 4; lastKnownFileType = sourcecode.c.objc; path = YKBirthdayEnvelopeView.m; sourceTree = "<group>"; };
		008B2DCD206A51F6004F81F0 /* UIImage+Rotate.h */ = {isa = PBXFileReference; fileEncoding = 4; lastKnownFileType = sourcecode.c.h; path = "UIImage+Rotate.h"; sourceTree = "<group>"; };
		008B2DCE206A51F6004F81F0 /* UIImage+Rotate.m */ = {isa = PBXFileReference; fileEncoding = 4; lastKnownFileType = sourcecode.c.objc; path = "UIImage+Rotate.m"; sourceTree = "<group>"; };
		008B2DD0206A53AA004F81F0 /* YKDevice.h */ = {isa = PBXFileReference; lastKnownFileType = sourcecode.c.h; path = YKDevice.h; sourceTree = "<group>"; };
		008B2DD1206A53AA004F81F0 /* YKDevice.m */ = {isa = PBXFileReference; lastKnownFileType = sourcecode.c.objc; path = YKDevice.m; sourceTree = "<group>"; };
		7152F8541DF6A96C003F79E2 /* YKBirthdayViewDemo.app */ = {isa = PBXFileReference; explicitFileType = wrapper.application; includeInIndex = 0; path = YKBirthdayViewDemo.app; sourceTree = BUILT_PRODUCTS_DIR; };
		7152F8581DF6A96C003F79E2 /* main.m */ = {isa = PBXFileReference; lastKnownFileType = sourcecode.c.objc; path = main.m; sourceTree = "<group>"; };
		7152F85A1DF6A96C003F79E2 /* AppDelegate.h */ = {isa = PBXFileReference; lastKnownFileType = sourcecode.c.h; path = AppDelegate.h; sourceTree = "<group>"; };
		7152F85B1DF6A96C003F79E2 /* AppDelegate.m */ = {isa = PBXFileReference; lastKnownFileType = sourcecode.c.objc; path = AppDelegate.m; sourceTree = "<group>"; };
		7152F8611DF6A96C003F79E2 /* Base */ = {isa = PBXFileReference; lastKnownFileType = file.storyboard; name = Base; path = Base.lproj/Main.storyboard; sourceTree = "<group>"; };
		7152F8661DF6A96C003F79E2 /* Base */ = {isa = PBXFileReference; lastKnownFileType = file.storyboard; name = Base; path = Base.lproj/LaunchScreen.storyboard; sourceTree = "<group>"; };
		7152F8681DF6A96C003F79E2 /* Info.plist */ = {isa = PBXFileReference; lastKnownFileType = text.plist.xml; path = Info.plist; sourceTree = "<group>"; };
		7152F86D1DF6A96C003F79E2 /* YKBirthdayViewDemoTests.xctest */ = {isa = PBXFileReference; explicitFileType = wrapper.cfbundle; includeInIndex = 0; path = YKBirthdayViewDemoTests.xctest; sourceTree = BUILT_PRODUCTS_DIR; };
		7152F8711DF6A96C003F79E2 /* YKBirthdayViewDemoTests.m */ = {isa = PBXFileReference; lastKnownFileType = sourcecode.c.objc; path = YKBirthdayViewDemoTests.m; sourceTree = "<group>"; };
		7152F8731DF6A96C003F79E2 /* Info.plist */ = {isa = PBXFileReference; lastKnownFileType = text.plist.xml; path = Info.plist; sourceTree = "<group>"; };
		7152F8781DF6A96C003F79E2 /* YKBirthdayViewDemoUITests.xctest */ = {isa = PBXFileReference; explicitFileType = wrapper.cfbundle; includeInIndex = 0; path = YKBirthdayViewDemoUITests.xctest; sourceTree = BUILT_PRODUCTS_DIR; };
		7152F87C1DF6A96C003F79E2 /* YKBirthdayViewDemoUITests.m */ = {isa = PBXFileReference; lastKnownFileType = sourcecode.c.objc; path = YKBirthdayViewDemoUITests.m; sourceTree = "<group>"; };
		7152F87E1DF6A96C003F79E2 /* Info.plist */ = {isa = PBXFileReference; lastKnownFileType = text.plist.xml; path = Info.plist; sourceTree = "<group>"; };
		7152F88C1DF6A9A3003F79E2 /* YKBirthdayItem.h */ = {isa = PBXFileReference; fileEncoding = 4; lastKnownFileType = sourcecode.c.h; path = YKBirthdayItem.h; sourceTree = "<group>"; };
		7152F88D1DF6A9A3003F79E2 /* YKBirthdayItem.m */ = {isa = PBXFileReference; fileEncoding = 4; lastKnownFileType = sourcecode.c.objc; path = YKBirthdayItem.m; sourceTree = "<group>"; };
		7152F88E1DF6A9A3003F79E2 /* YKBirthdayMgr.h */ = {isa = PBXFileReference; fileEncoding = 4; lastKnownFileType = sourcecode.c.h; path = YKBirthdayMgr.h; sourceTree = "<group>"; };
		7152F88F1DF6A9A3003F79E2 /* YKBirthdayMgr.m */ = {isa = PBXFileReference; fileEncoding = 4; lastKnownFileType = sourcecode.c.objc; path = YKBirthdayMgr.m; sourceTree = "<group>"; };
		7152F8911DF6A9A3003F79E2 /* YKBirthdayView.h */ = {isa = PBXFileReference; fileEncoding = 4; lastKnownFileType = sourcecode.c.h; path = YKBirthdayView.h; sourceTree = "<group>"; };
		7152F8921DF6A9A3003F79E2 /* YKBirthdayView.m */ = {isa = PBXFileReference; fileEncoding = 4; lastKnownFileType = sourcecode.c.objc; path = YKBirthdayView.m; sourceTree = "<group>"; };
		7152F8941DF6A9A3003F79E2 /* YKHappyBirthdayViewController.h */ = {isa = PBXFileReference; fileEncoding = 4; lastKnownFileType = sourcecode.c.h; path = YKHappyBirthdayViewController.h; sourceTree = "<group>"; };
		7152F8951DF6A9A3003F79E2 /* YKHappyBirthdayViewController.m */ = {isa = PBXFileReference; fileEncoding = 4; lastKnownFileType = sourcecode.c.objc; path = YKHappyBirthdayViewController.m; sourceTree = "<group>"; };
		7152F8961DF6A9A3003F79E2 /* YKHappyBirthdayViewController.xib */ = {isa = PBXFileReference; fileEncoding = 4; lastKnownFileType = file.xib; path = YKHappyBirthdayViewController.xib; sourceTree = "<group>"; };
		7152F89C1DF6AB7C003F79E2 /* YKAudioPlayerMgr.h */ = {isa = PBXFileReference; fileEncoding = 4; lastKnownFileType = sourcecode.c.h; path = YKAudioPlayerMgr.h; sourceTree = "<group>"; };
		7152F89D1DF6AB7C003F79E2 /* YKAudioPlayerMgr.m */ = {isa = PBXFileReference; fileEncoding = 4; lastKnownFileType = sourcecode.c.objc; path = YKAudioPlayerMgr.m; sourceTree = "<group>"; };
		7194F5751FA2CB57001B4ADF /* UIColor+YKColor.h */ = {isa = PBXFileReference; lastKnownFileType = sourcecode.c.h; path = "UIColor+YKColor.h"; sourceTree = "<group>"; };
		7194F5761FA2CB57001B4ADF /* UIColor+YKColor.m */ = {isa = PBXFileReference; lastKnownFileType = sourcecode.c.objc; path = "UIColor+YKColor.m"; sourceTree = "<group>"; };
		7194F57C1FA2CD41001B4ADF /* birthday.mp3 */ = {isa = PBXFileReference; lastKnownFileType = audio.mp3; path = birthday.mp3; sourceTree = "<group>"; };
/* End PBXFileReference section */

/* Begin PBXFrameworksBuildPhase section */
		7152F8511DF6A96C003F79E2 /* Frameworks */ = {
			isa = PBXFrameworksBuildPhase;
			buildActionMask = 2147483647;
			files = (
			);
			runOnlyForDeploymentPostprocessing = 0;
		};
		7152F86A1DF6A96C003F79E2 /* Frameworks */ = {
			isa = PBXFrameworksBuildPhase;
			buildActionMask = 2147483647;
			files = (
			);
			runOnlyForDeploymentPostprocessing = 0;
		};
		7152F8751DF6A96C003F79E2 /* Frameworks */ = {
			isa = PBXFrameworksBuildPhase;
			buildActionMask = 2147483647;
			files = (
			);
			runOnlyForDeploymentPostprocessing = 0;
		};
/* End PBXFrameworksBuildPhase section */

/* Begin PBXGroup section */
		0027329B20EB526F0056EA0A /* YKAdapter */ = {
			isa = PBXGroup;
			children = (
				0027329D20EB526F0056EA0A /* YKTableViewBaseAdapter.h */,
				0027329C20EB526F0056EA0A /* YKTableViewBaseAdapter.m */,
			);
			path = YKAdapter;
			sourceTree = "<group>";
		};
		002732B720EB54150056EA0A /* YKHome */ = {
			isa = PBXGroup;
			children = (
				002732B820EB54150056EA0A /* Model */,
				002732BB20EB54150056EA0A /* View */,
				002732BC20EB54150056EA0A /* ViewController */,
			);
			path = YKHome;
			sourceTree = "<group>";
		};
		002732B820EB54150056EA0A /* Model */ = {
			isa = PBXGroup;
			children = (
				002732BA20EB54150056EA0A /* YKBirthdayAdapter.h */,
				002732B920EB54150056EA0A /* YKBirthdayAdapter.m */,
				002732C620EB54480056EA0A /* YKHomeModel.h */,
				002732C720EB54480056EA0A /* YKHomeModel.m */,
			);
			path = Model;
			sourceTree = "<group>";
		};
		002732BB20EB54150056EA0A /* View */ = {
			isa = PBXGroup;
			children = (
			);
			path = View;
			sourceTree = "<group>";
		};
		002732BC20EB54150056EA0A /* ViewController */ = {
			isa = PBXGroup;
			children = (
				002732BD20EB54150056EA0A /* YKDetailViewController.h */,
				002732C020EB54150056EA0A /* YKDetailViewController.m */,
				002732BF20EB54150056EA0A /* YKDetailViewController.xib */,
				002732CA20EB5A080056EA0A /* YKHomeViewController.h */,
				002732CB20EB5A080056EA0A /* YKHomeViewController.m */,
				002732CC20EB5A080056EA0A /* YKHomeViewController.xib */,
			);
			path = ViewController;
			sourceTree = "<group>";
		};
		008B2DB0206A4F12004F81F0 /* YKEnvelopeBirthday */ = {
			isa = PBXGroup;
			children = (
				008B2DB1206A4F12004F81F0 /* Controller */,
				008B2DB5206A4F12004F81F0 /* Model */,
				008B2DBC206A4F12004F81F0 /* View */,
			);
			path = YKEnvelopeBirthday;
			sourceTree = "<group>";
		};
		008B2DB1206A4F12004F81F0 /* Controller */ = {
			isa = PBXGroup;
			children = (
				008B2DB4206A4F12004F81F0 /* YKBirthdayViewController.h */,
				008B2DB2206A4F12004F81F0 /* YKBirthdayViewController.m */,
				008B2DB3206A4F12004F81F0 /* YKBirthdayViewController.xib */,
			);
			path = Controller;
			sourceTree = "<group>";
		};
		008B2DB5206A4F12004F81F0 /* Model */ = {
			isa = PBXGroup;
			children = (
				008B2DB6206A4F12004F81F0 /* YKBirthdayEnvelopeMgr.h */,
				008B2DB9206A4F12004F81F0 /* YKBirthdayEnvelopeMgr.m */,
				008B2DBB206A4F12004F81F0 /* YKBirthdayModel.h */,
				008B2DB7206A4F12004F81F0 /* YKBirthdayModel.m */,
				008B2DB8206A4F12004F81F0 /* YKBirthdayFriendsItem.h */,
				008B2DBA206A4F12004F81F0 /* YKBirthdayFriendsItem.m */,
			);
			path = Model;
			sourceTree = "<group>";
		};
		008B2DBC206A4F12004F81F0 /* View */ = {
			isa = PBXGroup;
			children = (
				008B2DCD206A51F6004F81F0 /* UIImage+Rotate.h */,
				008B2DCE206A51F6004F81F0 /* UIImage+Rotate.m */,
				008B2DC1206A4F12004F81F0 /* YKBirthdayUserFriendsCollectionViewCell.h */,
				008B2DBF206A4F12004F81F0 /* YKBirthdayUserFriendsCollectionViewCell.m */,
				008B2DBD206A4F12004F81F0 /* YKBirthdayUserFriendsCollectionViewCell.xib */,
				008B2DC2206A4F12004F81F0 /* YKBirthdayUserDescView.h */,
				008B2DBE206A4F12004F81F0 /* YKBirthdayUserDescView.m */,
				008B2DC0206A4F12004F81F0 /* YKBirthdayEnvelopeView.h */,
				008B2DC3206A4F12004F81F0 /* YKBirthdayEnvelopeView.m */,
			);
			path = View;
			sourceTree = "<group>";
		};
		7152F84B1DF6A96C003F79E2 = {
			isa = PBXGroup;
			children = (
				7152F8561DF6A96C003F79E2 /* YKBirthdayViewDemo */,
				7152F8701DF6A96C003F79E2 /* YKBirthdayViewDemoTests */,
				7152F87B1DF6A96C003F79E2 /* YKBirthdayViewDemoUITests */,
				7152F8551DF6A96C003F79E2 /* Products */,
			);
			sourceTree = "<group>";
		};
		7152F8551DF6A96C003F79E2 /* Products */ = {
			isa = PBXGroup;
			children = (
				7152F8541DF6A96C003F79E2 /* YKBirthdayViewDemo.app */,
				7152F86D1DF6A96C003F79E2 /* YKBirthdayViewDemoTests.xctest */,
				7152F8781DF6A96C003F79E2 /* YKBirthdayViewDemoUITests.xctest */,
			);
			name = Products;
			sourceTree = "<group>";
		};
		7152F8561DF6A96C003F79E2 /* YKBirthdayViewDemo */ = {
			isa = PBXGroup;
			children = (
				7194F5781FA2CD21001B4ADF /* Resource */,
				7194F5711FA2CAC0001B4ADF /* YKBaseLib */,
				7152F88A1DF6A9A3003F79E2 /* YKHappyBirthday */,
				008B2DB0206A4F12004F81F0 /* YKEnvelopeBirthday */,
				002732B720EB54150056EA0A /* YKHome */,
				7152F85A1DF6A96C003F79E2 /* AppDelegate.h */,
				7152F85B1DF6A96C003F79E2 /* AppDelegate.m */,
				7152F8601DF6A96C003F79E2 /* Main.storyboard */,
				7152F8651DF6A96C003F79E2 /* LaunchScreen.storyboard */,
				7152F8681DF6A96C003F79E2 /* Info.plist */,
				7152F8571DF6A96C003F79E2 /* Supporting Files */,
			);
			path = YKBirthdayViewDemo;
			sourceTree = "<group>";
		};
		7152F8571DF6A96C003F79E2 /* Supporting Files */ = {
			isa = PBXGroup;
			children = (
				7152F8581DF6A96C003F79E2 /* main.m */,
			);
			name = "Supporting Files";
			sourceTree = "<group>";
		};
		7152F8701DF6A96C003F79E2 /* YKBirthdayViewDemoTests */ = {
			isa = PBXGroup;
			children = (
				7152F8711DF6A96C003F79E2 /* YKBirthdayViewDemoTests.m */,
				7152F8731DF6A96C003F79E2 /* Info.plist */,
			);
			path = YKBirthdayViewDemoTests;
			sourceTree = "<group>";
		};
		7152F87B1DF6A96C003F79E2 /* YKBirthdayViewDemoUITests */ = {
			isa = PBXGroup;
			children = (
				7152F87C1DF6A96C003F79E2 /* YKBirthdayViewDemoUITests.m */,
				7152F87E1DF6A96C003F79E2 /* Info.plist */,
			);
			path = YKBirthdayViewDemoUITests;
			sourceTree = "<group>";
		};
		7152F88A1DF6A9A3003F79E2 /* YKHappyBirthday */ = {
			isa = PBXGroup;
			children = (
				7152F88B1DF6A9A3003F79E2 /* Model */,
				7152F8901DF6A9A3003F79E2 /* View */,
				7152F8931DF6A9A3003F79E2 /* ViewController */,
			);
			path = YKHappyBirthday;
			sourceTree = "<group>";
		};
		7152F88B1DF6A9A3003F79E2 /* Model */ = {
			isa = PBXGroup;
			children = (
				7152F89C1DF6AB7C003F79E2 /* YKAudioPlayerMgr.h */,
				7152F89D1DF6AB7C003F79E2 /* YKAudioPlayerMgr.m */,
				7152F88C1DF6A9A3003F79E2 /* YKBirthdayItem.h */,
				7152F88D1DF6A9A3003F79E2 /* YKBirthdayItem.m */,
				7152F88E1DF6A9A3003F79E2 /* YKBirthdayMgr.h */,
				7152F88F1DF6A9A3003F79E2 /* YKBirthdayMgr.m */,
			);
			path = Model;
			sourceTree = "<group>";
		};
		7152F8901DF6A9A3003F79E2 /* View */ = {
			isa = PBXGroup;
			children = (
				7152F8911DF6A9A3003F79E2 /* YKBirthdayView.h */,
				7152F8921DF6A9A3003F79E2 /* YKBirthdayView.m */,
			);
			path = View;
			sourceTree = "<group>";
		};
		7152F8931DF6A9A3003F79E2 /* ViewController */ = {
			isa = PBXGroup;
			children = (
				7152F8941DF6A9A3003F79E2 /* YKHappyBirthdayViewController.h */,
				7152F8951DF6A9A3003F79E2 /* YKHappyBirthdayViewController.m */,
				7152F8961DF6A9A3003F79E2 /* YKHappyBirthdayViewController.xib */,
			);
			path = ViewController;
			sourceTree = "<group>";
		};
		7194F5711FA2CAC0001B4ADF /* YKBaseLib */ = {
			isa = PBXGroup;
			children = (
				0027329B20EB526F0056EA0A /* YKAdapter */,
				7194F5751FA2CB57001B4ADF /* UIColor+YKColor.h */,
				7194F5761FA2CB57001B4ADF /* UIColor+YKColor.m */,
				008B2DD0206A53AA004F81F0 /* YKDevice.h */,
				008B2DD1206A53AA004F81F0 /* YKDevice.m */,
				002732C920EB549B0056EA0A /* YKBaseDefined.h */,
			);
			path = YKBaseLib;
			sourceTree = "<group>";
		};
		7194F5781FA2CD21001B4ADF /* Resource */ = {
			isa = PBXGroup;
			children = (
				0062B30820C78851001AC769 /* Assets.xcassets */,
				7194F57B1FA2CD41001B4ADF /* birthdayAudio */,
			);
			path = Resource;
			sourceTree = "<group>";
		};
		7194F57B1FA2CD41001B4ADF /* birthdayAudio */ = {
			isa = PBXGroup;
			children = (
				7194F57C1FA2CD41001B4ADF /* birthday.mp3 */,
				008B2DA72069F046004F81F0 /* bg_iPhoneX.jpg */,
				008B2DA92069F052004F81F0 /* bg_normal.jpg */,
			);
			path = birthdayAudio;
			sourceTree = "<group>";
		};
/* End PBXGroup section */

/* Begin PBXNativeTarget section */
		7152F8531DF6A96C003F79E2 /* YKBirthdayViewDemo */ = {
			isa = PBXNativeTarget;
			buildConfigurationList = 7152F8811DF6A96C003F79E2 /* Build configuration list for PBXNativeTarget "YKBirthdayViewDemo" */;
			buildPhases = (
				7152F8501DF6A96C003F79E2 /* Sources */,
				7152F8511DF6A96C003F79E2 /* Frameworks */,
				7152F8521DF6A96C003F79E2 /* Resources */,
			);
			buildRules = (
			);
			dependencies = (
			);
			name = YKBirthdayViewDemo;
			productName = YKBirthdayViewDemo;
			productReference = 7152F8541DF6A96C003F79E2 /* YKBirthdayViewDemo.app */;
			productType = "com.apple.product-type.application";
		};
		7152F86C1DF6A96C003F79E2 /* YKBirthdayViewDemoTests */ = {
			isa = PBXNativeTarget;
			buildConfigurationList = 7152F8841DF6A96C003F79E2 /* Build configuration list for PBXNativeTarget "YKBirthdayViewDemoTests" */;
			buildPhases = (
				7152F8691DF6A96C003F79E2 /* Sources */,
				7152F86A1DF6A96C003F79E2 /* Frameworks */,
				7152F86B1DF6A96C003F79E2 /* Resources */,
			);
			buildRules = (
			);
			dependencies = (
				7152F86F1DF6A96C003F79E2 /* PBXTargetDependency */,
			);
			name = YKBirthdayViewDemoTests;
			productName = YKBirthdayViewDemoTests;
			productReference = 7152F86D1DF6A96C003F79E2 /* YKBirthdayViewDemoTests.xctest */;
			productType = "com.apple.product-type.bundle.unit-test";
		};
		7152F8771DF6A96C003F79E2 /* YKBirthdayViewDemoUITests */ = {
			isa = PBXNativeTarget;
			buildConfigurationList = 7152F8871DF6A96C003F79E2 /* Build configuration list for PBXNativeTarget "YKBirthdayViewDemoUITests" */;
			buildPhases = (
				7152F8741DF6A96C003F79E2 /* Sources */,
				7152F8751DF6A96C003F79E2 /* Frameworks */,
				7152F8761DF6A96C003F79E2 /* Resources */,
			);
			buildRules = (
			);
			dependencies = (
				7152F87A1DF6A96C003F79E2 /* PBXTargetDependency */,
			);
			name = YKBirthdayViewDemoUITests;
			productName = YKBirthdayViewDemoUITests;
			productReference = 7152F8781DF6A96C003F79E2 /* YKBirthdayViewDemoUITests.xctest */;
			productType = "com.apple.product-type.bundle.ui-testing";
		};
/* End PBXNativeTarget section */

/* Begin PBXProject section */
		7152F84C1DF6A96C003F79E2 /* Project object */ = {
			isa = PBXProject;
			attributes = {
				LastUpgradeCheck = 0810;
				ORGANIZATIONNAME = yinker;
				TargetAttributes = {
					7152F8531DF6A96C003F79E2 = {
						CreatedOnToolsVersion = 8.1;
						DevelopmentTeam = 8R8RTYMXAW;
						ProvisioningStyle = Manual;
					};
					7152F86C1DF6A96C003F79E2 = {
						CreatedOnToolsVersion = 8.1;
						ProvisioningStyle = Automatic;
						TestTargetID = 7152F8531DF6A96C003F79E2;
					};
					7152F8771DF6A96C003F79E2 = {
						CreatedOnToolsVersion = 8.1;
						ProvisioningStyle = Automatic;
						TestTargetID = 7152F8531DF6A96C003F79E2;
					};
				};
			};
			buildConfigurationList = 7152F84F1DF6A96C003F79E2 /* Build configuration list for PBXProject "YKBirthdayViewDemo" */;
			compatibilityVersion = "Xcode 3.2";
			developmentRegion = English;
			hasScannedForEncodings = 0;
			knownRegions = (
				en,
				Base,
			);
			mainGroup = 7152F84B1DF6A96C003F79E2;
			productRefGroup = 7152F8551DF6A96C003F79E2 /* Products */;
			projectDirPath = "";
			projectRoot = "";
			targets = (
				7152F8531DF6A96C003F79E2 /* YKBirthdayViewDemo */,
				7152F86C1DF6A96C003F79E2 /* YKBirthdayViewDemoTests */,
				7152F8771DF6A96C003F79E2 /* YKBirthdayViewDemoUITests */,
			);
		};
/* End PBXProject section */

/* Begin PBXResourcesBuildPhase section */
		7152F8521DF6A96C003F79E2 /* Resources */ = {
			isa = PBXResourcesBuildPhase;
			buildActionMask = 2147483647;
			files = (
				7152F8671DF6A96C003F79E2 /* LaunchScreen.storyboard in Resources */,
				002732C420EB54150056EA0A /* YKDetailViewController.xib in Resources */,
				7194F57D1FA2CD41001B4ADF /* birthday.mp3 in Resources */,
				7152F89B1DF6A9A3003F79E2 /* YKHappyBirthdayViewController.xib in Resources */,
				008B2DAA2069F052004F81F0 /* bg_normal.jpg in Resources */,
				002732CE20EB5A080056EA0A /* YKHomeViewController.xib in Resources */,
				7152F8621DF6A96C003F79E2 /* Main.storyboard in Resources */,
				008B2DC9206A4F12004F81F0 /* YKBirthdayUserFriendsCollectionViewCell.xib in Resources */,
				008B2DA82069F046004F81F0 /* bg_iPhoneX.jpg in Resources */,
				0062B30920C78851001AC769 /* Assets.xcassets in Resources */,
				008B2DC5206A4F12004F81F0 /* YKBirthdayViewController.xib in Resources */,
			);
			runOnlyForDeploymentPostprocessing = 0;
		};
		7152F86B1DF6A96C003F79E2 /* Resources */ = {
			isa = PBXResourcesBuildPhase;
			buildActionMask = 2147483647;
			files = (
			);
			runOnlyForDeploymentPostprocessing = 0;
		};
		7152F8761DF6A96C003F79E2 /* Resources */ = {
			isa = PBXResourcesBuildPhase;
			buildActionMask = 2147483647;
			files = (
			);
			runOnlyForDeploymentPostprocessing = 0;
		};
/* End PBXResourcesBuildPhase section */

/* Begin PBXSourcesBuildPhase section */
		7152F8501DF6A96C003F79E2 /* Sources */ = {
			isa = PBXSourcesBuildPhase;
			buildActionMask = 2147483647;
			files = (
				008B2DC7206A4F12004F81F0 /* YKBirthdayEnvelopeMgr.m in Sources */,
				008B2DC8206A4F12004F81F0 /* YKBirthdayFriendsItem.m in Sources */,
				002732CD20EB5A080056EA0A /* YKHomeViewController.m in Sources */,
				7152F8991DF6A9A3003F79E2 /* YKBirthdayView.m in Sources */,
				008B2DCF206A51F6004F81F0 /* UIImage+Rotate.m in Sources */,
				7152F8981DF6A9A3003F79E2 /* YKBirthdayMgr.m in Sources */,
				7152F8971DF6A9A3003F79E2 /* YKBirthdayItem.m in Sources */,
				002732C820EB54480056EA0A /* YKHomeModel.m in Sources */,
				008B2DD2206A53AA004F81F0 /* YKDevice.m in Sources */,
				002732C220EB54150056EA0A /* YKBirthdayAdapter.m in Sources */,
				7152F85C1DF6A96C003F79E2 /* AppDelegate.m in Sources */,
				008B2DCC206A4F12004F81F0 /* YKBirthdayEnvelopeView.m in Sources */,
				008B2DCA206A4F12004F81F0 /* YKBirthdayUserDescView.m in Sources */,
				002732C520EB54150056EA0A /* YKDetailViewController.m in Sources */,
				7152F8591DF6A96C003F79E2 /* main.m in Sources */,
				008B2DC6206A4F12004F81F0 /* YKBirthdayModel.m in Sources */,
				0027329E20EB526F0056EA0A /* YKTableViewBaseAdapter.m in Sources */,
				7152F89E1DF6AB7C003F79E2 /* YKAudioPlayerMgr.m in Sources */,
				008B2DCB206A4F12004F81F0 /* YKBirthdayUserFriendsCollectionViewCell.m in Sources */,
				7152F89A1DF6A9A3003F79E2 /* YKHappyBirthdayViewController.m in Sources */,
				7194F5771FA2CB57001B4ADF /* UIColor+YKColor.m in Sources */,
				008B2DC4206A4F12004F81F0 /* YKBirthdayViewController.m in Sources */,
			);
			runOnlyForDeploymentPostprocessing = 0;
		};
		7152F8691DF6A96C003F79E2 /* Sources */ = {
			isa = PBXSourcesBuildPhase;
			buildActionMask = 2147483647;
			files = (
				7152F8721DF6A96C003F79E2 /* YKBirthdayViewDemoTests.m in Sources */,
			);
			runOnlyForDeploymentPostprocessing = 0;
		};
		7152F8741DF6A96C003F79E2 /* Sources */ = {
			isa = PBXSourcesBuildPhase;
			buildActionMask = 2147483647;
			files = (
				7152F87D1DF6A96C003F79E2 /* YKBirthdayViewDemoUITests.m in Sources */,
			);
			runOnlyForDeploymentPostprocessing = 0;
		};
/* End PBXSourcesBuildPhase section */

/* Begin PBXTargetDependency section */
		7152F86F1DF6A96C003F79E2 /* PBXTargetDependency */ = {
			isa = PBXTargetDependency;
			target = 7152F8531DF6A96C003F79E2 /* YKBirthdayViewDemo */;
			targetProxy = 7152F86E1DF6A96C003F79E2 /* PBXContainerItemProxy */;
		};
		7152F87A1DF6A96C003F79E2 /* PBXTargetDependency */ = {
			isa = PBXTargetDependency;
			target = 7152F8531DF6A96C003F79E2 /* YKBirthdayViewDemo */;
			targetProxy = 7152F8791DF6A96C003F79E2 /* PBXContainerItemProxy */;
		};
/* End PBXTargetDependency section */

/* Begin PBXVariantGroup section */
		7152F8601DF6A96C003F79E2 /* Main.storyboard */ = {
			isa = PBXVariantGroup;
			children = (
				7152F8611DF6A96C003F79E2 /* Base */,
			);
			name = Main.storyboard;
			sourceTree = "<group>";
		};
		7152F8651DF6A96C003F79E2 /* LaunchScreen.storyboard */ = {
			isa = PBXVariantGroup;
			children = (
				7152F8661DF6A96C003F79E2 /* Base */,
			);
			name = LaunchScreen.storyboard;
			sourceTree = "<group>";
		};
/* End PBXVariantGroup section */

/* Begin XCBuildConfiguration section */
		7152F87F1DF6A96C003F79E2 /* Debug */ = {
			isa = XCBuildConfiguration;
			buildSettings = {
				ALWAYS_SEARCH_USER_PATHS = NO;
				CLANG_ANALYZER_NONNULL = YES;
				CLANG_CXX_LANGUAGE_STANDARD = "gnu++0x";
				CLANG_CXX_LIBRARY = "libc++";
				CLANG_ENABLE_MODULES = YES;
				CLANG_ENABLE_OBJC_ARC = YES;
				CLANG_WARN_BOOL_CONVERSION = YES;
				CLANG_WARN_CONSTANT_CONVERSION = YES;
				CLANG_WARN_DIRECT_OBJC_ISA_USAGE = YES_ERROR;
				CLANG_WARN_DOCUMENTATION_COMMENTS = YES;
				CLANG_WARN_EMPTY_BODY = YES;
				CLANG_WARN_ENUM_CONVERSION = YES;
				CLANG_WARN_INFINITE_RECURSION = YES;
				CLANG_WARN_INT_CONVERSION = YES;
				CLANG_WARN_OBJC_ROOT_CLASS = YES_ERROR;
				CLANG_WARN_SUSPICIOUS_MOVES = YES;
				CLANG_WARN_UNREACHABLE_CODE = YES;
				CLANG_WARN__DUPLICATE_METHOD_MATCH = YES;
				"CODE_SIGN_IDENTITY[sdk=iphoneos*]" = "iPhone Developer";
				COPY_PHASE_STRIP = NO;
				DEBUG_INFORMATION_FORMAT = dwarf;
				ENABLE_STRICT_OBJC_MSGSEND = YES;
				ENABLE_TESTABILITY = YES;
				GCC_C_LANGUAGE_STANDARD = gnu99;
				GCC_DYNAMIC_NO_PIC = NO;
				GCC_NO_COMMON_BLOCKS = YES;
				GCC_OPTIMIZATION_LEVEL = 0;
				GCC_PREPROCESSOR_DEFINITIONS = (
					"DEBUG=1",
					"$(inherited)",
				);
				GCC_WARN_64_TO_32_BIT_CONVERSION = YES;
				GCC_WARN_ABOUT_RETURN_TYPE = YES_ERROR;
				GCC_WARN_UNDECLARED_SELECTOR = YES;
				GCC_WARN_UNINITIALIZED_AUTOS = YES_AGGRESSIVE;
				GCC_WARN_UNUSED_FUNCTION = YES;
				GCC_WARN_UNUSED_VARIABLE = YES;
				IPHONEOS_DEPLOYMENT_TARGET = 8.0;
				MTL_ENABLE_DEBUG_INFO = YES;
				ONLY_ACTIVE_ARCH = YES;
				SDKROOT = iphoneos;
				TARGETED_DEVICE_FAMILY = "1,2";
			};
			name = Debug;
		};
		7152F8801DF6A96C003F79E2 /* Release */ = {
			isa = XCBuildConfiguration;
			buildSettings = {
				ALWAYS_SEARCH_USER_PATHS = NO;
				CLANG_ANALYZER_NONNULL = YES;
				CLANG_CXX_LANGUAGE_STANDARD = "gnu++0x";
				CLANG_CXX_LIBRARY = "libc++";
				CLANG_ENABLE_MODULES = YES;
				CLANG_ENABLE_OBJC_ARC = YES;
				CLANG_WARN_BOOL_CONVERSION = YES;
				CLANG_WARN_CONSTANT_CONVERSION = YES;
				CLANG_WARN_DIRECT_OBJC_ISA_USAGE = YES_ERROR;
				CLANG_WARN_DOCUMENTATION_COMMENTS = YES;
				CLANG_WARN_EMPTY_BODY = YES;
				CLANG_WARN_ENUM_CONVERSION = YES;
				CLANG_WARN_INFINITE_RECURSION = YES;
				CLANG_WARN_INT_CONVERSION = YES;
				CLANG_WARN_OBJC_ROOT_CLASS = YES_ERROR;
				CLANG_WARN_SUSPICIOUS_MOVES = YES;
				CLANG_WARN_UNREACHABLE_CODE = YES;
				CLANG_WARN__DUPLICATE_METHOD_MATCH = YES;
				"CODE_SIGN_IDENTITY[sdk=iphoneos*]" = "iPhone Developer";
				COPY_PHASE_STRIP = NO;
				DEBUG_INFORMATION_FORMAT = "dwarf-with-dsym";
				ENABLE_NS_ASSERTIONS = NO;
				ENABLE_STRICT_OBJC_MSGSEND = YES;
				GCC_C_LANGUAGE_STANDARD = gnu99;
				GCC_NO_COMMON_BLOCKS = YES;
				GCC_WARN_64_TO_32_BIT_CONVERSION = YES;
				GCC_WARN_ABOUT_RETURN_TYPE = YES_ERROR;
				GCC_WARN_UNDECLARED_SELECTOR = YES;
				GCC_WARN_UNINITIALIZED_AUTOS = YES_AGGRESSIVE;
				GCC_WARN_UNUSED_FUNCTION = YES;
				GCC_WARN_UNUSED_VARIABLE = YES;
				IPHONEOS_DEPLOYMENT_TARGET = 8.0;
				MTL_ENABLE_DEBUG_INFO = NO;
				SDKROOT = iphoneos;
				TARGETED_DEVICE_FAMILY = "1,2";
				VALIDATE_PRODUCT = YES;
			};
			name = Release;
		};
		7152F8821DF6A96C003F79E2 /* Debug */ = {
			isa = XCBuildConfiguration;
			buildSettings = {
				ASSETCATALOG_COMPILER_APPICON_NAME = AppIcon;
				CODE_SIGN_STYLE = Manual;
				DEVELOPMENT_TEAM = 8R8RTYMXAW;
				INFOPLIST_FILE = YKBirthdayViewDemo/Info.plist;
				LD_RUNPATH_SEARCH_PATHS = "$(inherited) @executable_path/Frameworks";
				PRODUCT_BUNDLE_IDENTIFIER = com.yinker.YKBirthdayViewDemo;
				PRODUCT_NAME = "$(TARGET_NAME)";
				PROVISIONING_PROFILE = "88a1de07-87d0-47a1-a5b4-e711d8bb3358";
				PROVISIONING_PROFILE_SPECIFIER = SimpleFinance_All_Development;
			};
			name = Debug;
		};
		7152F8831DF6A96C003F79E2 /* Release */ = {
			isa = XCBuildConfiguration;
			buildSettings = {
				ASSETCATALOG_COMPILER_APPICON_NAME = AppIcon;
				CODE_SIGN_STYLE = Manual;
				DEVELOPMENT_TEAM = "";
				INFOPLIST_FILE = YKBirthdayViewDemo/Info.plist;
				LD_RUNPATH_SEARCH_PATHS = "$(inherited) @executable_path/Frameworks";
				PRODUCT_BUNDLE_IDENTIFIER = com.yinker.YKBirthdayViewDemo;
				PRODUCT_NAME = "$(TARGET_NAME)";
				PROVISIONING_PROFILE_SPECIFIER = "";
			};
			name = Release;
		};
		7152F8851DF6A96C003F79E2 /* Debug */ = {
			isa = XCBuildConfiguration;
			buildSettings = {
				BUNDLE_LOADER = "$(TEST_HOST)";
				INFOPLIST_FILE = YKBirthdayViewDemoTests/Info.plist;
				LD_RUNPATH_SEARCH_PATHS = "$(inherited) @executable_path/Frameworks @loader_path/Frameworks";
				PRODUCT_BUNDLE_IDENTIFIER = com.yinker.YKBirthdayViewDemoTests;
				PRODUCT_NAME = "$(TARGET_NAME)";
				TEST_HOST = "$(BUILT_PRODUCTS_DIR)/YKBirthdayViewDemo.app/YKBirthdayViewDemo";
			};
			name = Debug;
		};
		7152F8861DF6A96C003F79E2 /* Release */ = {
			isa = XCBuildConfiguration;
			buildSettings = {
				BUNDLE_LOADER = "$(TEST_HOST)";
				INFOPLIST_FILE = YKBirthdayViewDemoTests/Info.plist;
				LD_RUNPATH_SEARCH_PATHS = "$(inherited) @executable_path/Frameworks @loader_path/Frameworks";
				PRODUCT_BUNDLE_IDENTIFIER = com.yinker.YKBirthdayViewDemoTests;
				PRODUCT_NAME = "$(TARGET_NAME)";
				TEST_HOST = "$(BUILT_PRODUCTS_DIR)/YKBirthdayViewDemo.app/YKBirthdayViewDemo";
			};
			name = Release;
		};
		7152F8881DF6A96C003F79E2 /* Debug */ = {
			isa = XCBuildConfiguration;
			buildSettings = {
				INFOPLIST_FILE = YKBirthdayViewDemoUITests/Info.plist;
				LD_RUNPATH_SEARCH_PATHS = "$(inherited) @executable_path/Frameworks @loader_path/Frameworks";
				PRODUCT_BUNDLE_IDENTIFIER = com.yinker.YKBirthdayViewDemoUITests;
				PRODUCT_NAME = "$(TARGET_NAME)";
				TEST_TARGET_NAME = YKBirthdayViewDemo;
			};
			name = Debug;
		};
		7152F8891DF6A96C003F79E2 /* Release */ = {
			isa = XCBuildConfiguration;
			buildSettings = {
				INFOPLIST_FILE = YKBirthdayViewDemoUITests/Info.plist;
				LD_RUNPATH_SEARCH_PATHS = "$(inherited) @executable_path/Frameworks @loader_path/Frameworks";
				PRODUCT_BUNDLE_IDENTIFIER = com.yinker.YKBirthdayViewDemoUITests;
				PRODUCT_NAME = "$(TARGET_NAME)";
				TEST_TARGET_NAME = YKBirthdayViewDemo;
			};
			name = Release;
		};
/* End XCBuildConfiguration section */

/* Begin XCConfigurationList section */
		7152F84F1DF6A96C003F79E2 /* Build configuration list for PBXProject "YKBirthdayViewDemo" */ = {
			isa = XCConfigurationList;
			buildConfigurations = (
				7152F87F1DF6A96C003F79E2 /* Debug */,
				7152F8801DF6A96C003F79E2 /* Release */,
			);
			defaultConfigurationIsVisible = 0;
			defaultConfigurationName = Release;
		};
		7152F8811DF6A96C003F79E2 /* Build configuration list for PBXNativeTarget "YKBirthdayViewDemo" */ = {
			isa = XCConfigurationList;
			buildConfigurations = (
				7152F8821DF6A96C003F79E2 /* Debug */,
				7152F8831DF6A96C003F79E2 /* Release */,
			);
			defaultConfigurationIsVisible = 0;
			defaultConfigurationName = Release;
		};
		7152F8841DF6A96C003F79E2 /* Build configuration list for PBXNativeTarget "YKBirthdayViewDemoTests" */ = {
			isa = XCConfigurationList;
			buildConfigurations = (
				7152F8851DF6A96C003F79E2 /* Debug */,
				7152F8861DF6A96C003F79E2 /* Release */,
			);
			defaultConfigurationIsVisible = 0;
			defaultConfigurationName = Release;
		};
		7152F8871DF6A96C003F79E2 /* Build configuration list for PBXNativeTarget "YKBirthdayViewDemoUITests" */ = {
			isa = XCConfigurationList;
			buildConfigurations = (
				7152F8881DF6A96C003F79E2 /* Debug */,
				7152F8891DF6A96C003F79E2 /* Release */,
			);
			defaultConfigurationIsVisible = 0;
			defaultConfigurationName = Release;
		};
/* End XCConfigurationList section */
	};
	rootObject = 7152F84C1DF6A96C003F79E2 /* Project object */;
}
